
Microsoft Visual Studio Solution File, Format Version 12.00
# Visual Studio Version 17
VisualStudioVersion = 17.9.34616.47
MinimumVisualStudioVersion = 10.0.40219.1
Project("{2150E333-8FDC-42A3-9474-1A3956D46DE8}") = "1. Presentacion", "1. Presentacion", "{503984B0-23A1-4567-A686-2AE5B21BAF02}"
EndProject
Project("{FAE04EC0-301F-11D3-BF4B-00C04F79EFBC}") = "COES.Servicios.Distribuidos", "COES.Servicios.Distribuidos\COES.Servicios.Distribuidos.csproj", "{058DE87B-8F5A-4B66-B819-E08D992981FD}"
EndProject
Project("{2150E333-8FDC-42A3-9474-1A3956D46DE8}") = "2. Servicios Distribuidos", "2. Servicios Distribuidos", "{9CB39C5E-986A-45E1-8055-7522396AA196}"
EndProject
Project("{FAE04EC0-301F-11D3-BF4B-00C04F79EFBC}") = "COES.Servicios.Aplicacion", "COES.Servicios.Aplicacion\COES.Servicios.Aplicacion.csproj", "{5FF9CD43-AB2F-42F2-B8B2-0D2C95EF41B1}"
EndProject
Project("{FAE04EC0-301F-11D3-BF4B-00C04F79EFBC}") = "COES.Dominio.DTO", "COES.Dominio.DTO\COES.Dominio.DTO.csproj", "{28FFF8F3-12CE-41B1-839B-2FD36D3C50A8}"
EndProject
Project("{FAE04EC0-301F-11D3-BF4B-00C04F79EFBC}") = "COES.Dominio.Interfaces", "COES.Dominio.Interfaces\COES.Dominio.Interfaces.csproj", "{64357C3C-6730-4361-9C9A-93778920D054}"
EndProject
Project("{2150E333-8FDC-42A3-9474-1A3956D46DE8}") = "3. Negocio", "3. Negocio", "{59C4407F-5099-4A07-897C-C5959CDF60F7}"
EndProject
Project("{FAE04EC0-301F-11D3-BF4B-00C04F79EFBC}") = "COES.Infraestructura.Datos", "COES.Infraestructura.Datos\COES.Infraestructura.Datos.csproj", "{71A87DD1-8424-4516-92F6-559BD0ECA8FF}"
EndProject
Project("{2150E333-8FDC-42A3-9474-1A3956D46DE8}") = "4. Infraestructura", "4. Infraestructura", "{77D8CBB1-3D0B-47F9-B119-49F18B37A22D}"
EndProject
Project("{2150E333-8FDC-42A3-9474-1A3956D46DE8}") = "5. Base", "5. Base", "{B4ABCE80-523C-49CE-9F1F-142DF009FAA9}"
EndProject
Project("{FAE04EC0-301F-11D3-BF4B-00C04F79EFBC}") = "COES.Base", "COES.Base\COES.Base.csproj", "{2F0B7B6A-0C6A-42B2-8C44-11697CF04242}"
EndProject
Project("{FAE04EC0-301F-11D3-BF4B-00C04F79EFBC}") = "COES.MVC.Intranet", "COES.MVC.Intranet\COES.MVC.Intranet.csproj", "{FA6514D9-B68C-40C7-8415-33F9BBFF0C83}"
EndProject
Project("{FAE04EC0-301F-11D3-BF4B-00C04F79EFBC}") = "COES.MVC.Extranet", "COES.MVC.Extranet\COES.MVC.Extranet.csproj", "{F2D2FFF3-349F-4AB6-AAA8-0A32223FDD4B}"
EndProject
Project("{FAE04EC0-301F-11D3-BF4B-00C04F79EFBC}") = "COES.MVC.Publico", "COES.MVC.Publico\COES.MVC.Publico.csproj", "{EA80C8D2-6C58-4C4E-A349-EB325C2616D1}"
EndProject
Project("{FAE04EC0-301F-11D3-BF4B-00C04F79EFBC}") = "COES.Servicios.Test", "COES.Servicios.Test\COES.Servicios.Test.csproj", "{18D10ABA-7FB2-453C-8367-DD6E92A26D2B}"
EndProject
Project("{FAE04EC0-301F-11D3-BF4B-00C04F79EFBC}") = "COES.WebAPI.Evento", "COES.WebAPI.Evento\COES.WebAPI.Evento.csproj", "{12552EDB-F76B-4A56-A211-ED27E466B693}"
EndProject
Project("{FAE04EC0-301F-11D3-BF4B-00C04F79EFBC}") = "COES.WebAPI.Equipamiento", "COES.WebAPI.Equipamiento\COES.WebAPI.Equipamiento.csproj", "{8162324C-CB98-479B-A3D2-E3F9FE15A0DE}"
EndProject
Project("{FAE04EC0-301F-11D3-BF4B-00C04F79EFBC}") = "COES.WebAPI.Hidrologia", "COES.WebAPI.Hidrologia\COES.WebAPI.Hidrologia.csproj", "{EBFCA0AF-8C1F-4508-B12F-E25CE6B98DC4}"
EndProject
Project("{FAE04EC0-301F-11D3-BF4B-00C04F79EFBC}") = "COES.WebAPI.General", "COES.WebAPI.General\COES.WebAPI.General.csproj", "{D1344CCC-D854-48AA-A8F3-7AAAD721F75F}"
EndProject
Project("{FAE04EC0-301F-11D3-BF4B-00C04F79EFBC}") = "COES.WebAPI.Frecuencia", "COES.WebAPI.Frecuencia\COES.WebAPI.Frecuencia.csproj", "{D50856A1-E035-4ECE-B465-7CE8CDE0336E}"
	ProjectSection(ProjectDependencies) = postProject
		{64357C3C-6730-4361-9C9A-93778920D054} = {64357C3C-6730-4361-9C9A-93778920D054}
		{5FF9CD43-AB2F-42F2-B8B2-0D2C95EF41B1} = {5FF9CD43-AB2F-42F2-B8B2-0D2C95EF41B1}
		{2F0B7B6A-0C6A-42B2-8C44-11697CF04242} = {2F0B7B6A-0C6A-42B2-8C44-11697CF04242}
		{71A87DD1-8424-4516-92F6-559BD0ECA8FF} = {71A87DD1-8424-4516-92F6-559BD0ECA8FF}
		{28FFF8F3-12CE-41B1-839B-2FD36D3C50A8} = {28FFF8F3-12CE-41B1-839B-2FD36D3C50A8}
	EndProjectSection
EndProject
Project("{9A19103F-16F7-4668-BE54-9A1E7A4F7556}") = "COES.WebAPI.HTrabajo", "COES.WebAPI.HTrabajo\COES.WebAPI.HTrabajo.csproj", "{D43F88E9-4958-43D4-B8EB-33E9E9320192}"
EndProject
Project("{2150E333-8FDC-42A3-9474-1A3956D46DE8}") = "6. Old", "6. Old", "{AF7FA4A4-A600-4AC5-86BA-AA57AA0DFC7F}"
EndProject
Project("{FAE04EC0-301F-11D3-BF4B-00C04F79EFBC}") = "WScoes", "COES.Old.WScoes\WScoes.csproj", "{8660F3BD-3857-4623-84EE-222050926E28}"
EndProject
Project("{2150E333-8FDC-42A3-9474-1A3956D46DE8}") = "0. Test", "0. Test", "{5799C34C-21F9-4C66-A751-D813630A9459}"
EndProject
Project("{FAE04EC0-301F-11D3-BF4B-00C04F79EFBC}") = "WLib", "WLib\WLib.csproj", "{2A6C4ACA-4921-4F23-B149-358BD8513ABF}"
EndProject
Project("{2150E333-8FDC-42A3-9474-1A3956D46DE8}") = "6. Desktop", "6. Desktop", "{CD0ADF45-8A7C-4C12-B31D-2C5A7B7F224B}"
EndProject
Project("{FAE04EC0-301F-11D3-BF4B-00C04F79EFBC}") = "COES.WindowsFormsApp.ExtraccionSeniales", "COES.WindowsFormsApp.ExtraccionSeniales\COES.WindowsFormsApp.ExtraccionSeniales.csproj", "{77EB2768-5B14-43FD-8774-553129434857}"
EndProject
Project("{2150E333-8FDC-42A3-9474-1A3956D46DE8}") = "9. Decompilados", "9. Decompilados", "{2C73FB04-B7B9-4F1A-A652-C037372A191D}"
EndProject
Project("{FAE04EC0-301F-11D3-BF4B-00C04F79EFBC}") = "COES.Storage.App", "COES.Storage.App\COES.Storage.App.csproj", "{CD40CC32-E902-4EC1-B6A0-70E35F930079}"
EndProject
Project("{2150E333-8FDC-42A3-9474-1A3956D46DE8}") = "7. Jobs", "7. Jobs", "{B2B137BA-978B-471B-93C3-FE72BD3273E7}"
EndProject
Project("{FAE04EC0-301F-11D3-BF4B-00C04F79EFBC}") = "SgoCoesDesktopReporteHidrologia", "SgoCoesDesktopReporteHidrologia\SgoCoesDesktopReporteHidrologia.csproj", "{73F1E4C5-2679-4016-A00E-0CA769599CAD}"
EndProject
Project("{FAE04EC0-301F-11D3-BF4B-00C04F79EFBC}") = "SgoCoesDesktopReporteFrecuencia", "SgoCoesDesktopReporteFrecuencia\SgoCoesDesktopReporteFrecuencia.csproj", "{91694018-52D2-41E1-A6D0-78DF846C92EA}"
EndProject
Project("{FAE04EC0-301F-11D3-BF4B-00C04F79EFBC}") = "COES.WebService.CostoMarginal", "COES.WebService.CostoMarginal\COES.WebService.CostoMarginal.csproj", "{22F2D50A-AA34-4336-937E-C5DA35A99AFD}"
EndProject
Project("{FAE04EC0-301F-11D3-BF4B-00C04F79EFBC}") = "COES.WebService.Compensacion", "COES.WebService.Compensacion\COES.WebService.Compensacion.csproj", "{08FE758B-24CA-4D68-8425-ACA601277EAC}"
EndProject
Project("{FAE04EC0-301F-11D3-BF4B-00C04F79EFBC}") = "COES.WebService.CostoOportunidad", "COES.WebService.CostoOportunidad\COES.WebService.CostoOportunidad.csproj", "{BB064E28-CB27-4A4A-8818-69C03E5E2330}"
EndProject
Project("{FAE04EC0-301F-11D3-BF4B-00C04F79EFBC}") = "COES.WebService.CostosMarginalesNodales", "COES.WebService.CostosMarginalesNodales\COES.WebService.CostosMarginalesNodales.csproj", "{EB9D8051-74BA-402E-B8E1-9DEAAFE711AD}"
EndProject
Project("{FAE04EC0-301F-11D3-BF4B-00C04F79EFBC}") = "COES.WebService.Demanda", "COES.WebService.Demanda\COES.WebService.Demanda.csproj", "{A891157A-F95A-4B86-BB02-74000F142838}"
EndProject
Project("{FAE04EC0-301F-11D3-BF4B-00C04F79EFBC}") = "COES.WebService.DemandaPr16", "COES.WebService.DemandaPr16\COES.WebService.DemandaPr16.csproj", "{349A6F0F-91F7-43E7-A9CD-FA9286352EE9}"
EndProject
Project("{FAE04EC0-301F-11D3-BF4B-00C04F79EFBC}") = "COES.WebService.Digsilent", "COES.WebService.Digsilent\COES.WebService.Digsilent.csproj", "{2BC60974-E9EA-4AC9-8A76-7B81C9A92E47}"
EndProject
Project("{FAE04EC0-301F-11D3-BF4B-00C04F79EFBC}") = "COES.WebService.Equipo", "COES.WebService.Equipo\COES.WebService.Equipo.csproj", "{99DBF54B-3864-4FFE-9D28-0B631856E9AC}"
EndProject
Project("{FAE04EC0-301F-11D3-BF4B-00C04F79EFBC}") = "COES.WebService.FileServer", "COES.WebService.FileServer\COES.WebService.FileServer.csproj", "{A290A4DF-7511-4957-83E2-43C3294DC663}"
EndProject
Project("{FAE04EC0-301F-11D3-BF4B-00C04F79EFBC}") = "COES.WebService.Formato", "COES.WebService.Formato\COES.WebService.Formato.csproj", "{3C3F7C1F-4738-4596-A22C-DCA1CCFE6A58}"
EndProject
Project("{FAE04EC0-301F-11D3-BF4B-00C04F79EFBC}") = "COES.WebService.GeneracionRER", "COES.WebService.GeneracionRER\COES.WebService.GeneracionRER.csproj", "{0E6043C2-14C4-4B40-8045-C789C1324002}"
EndProject
Project("{FAE04EC0-301F-11D3-BF4B-00C04F79EFBC}") = "COES.WebService.General", "COES.WebService.General\COES.WebService.General.csproj", "{0C94E8F9-454A-4015-AB3A-C2D23C6B534F}"
EndProject
Project("{FAE04EC0-301F-11D3-BF4B-00C04F79EFBC}") = "COES.WebService.Hidrologia", "COES.WebService.Hidrologia\COES.WebService.Hidrologia.csproj", "{CE145CB7-08E0-4F46-858D-15E110F6474A}"
EndProject
Project("{FAE04EC0-301F-11D3-BF4B-00C04F79EFBC}") = "COES.WebService.Htrabajo", "COES.WebService.Htrabajo\COES.WebService.Htrabajo.csproj", "{F8E6016D-6FEF-45A1-A07D-AC02A5CD2D1F}"
EndProject
Project("{FAE04EC0-301F-11D3-BF4B-00C04F79EFBC}") = "COES.WebService.Movil", "COES.WebService.Movil\COES.WebService.Movil.csproj", "{1CD7E478-F3F5-4889-B98F-CCE0E25A49E7}"
EndProject
Project("{FAE04EC0-301F-11D3-BF4B-00C04F79EFBC}") = "COES.WebService.OperacionesVarias", "COES.WebService.OperacionesVarias\COES.WebService.OperacionesVarias.csproj", "{F3498920-6911-4B66-B759-7B5216663AC6}"
EndProject
Project("{FAE04EC0-301F-11D3-BF4B-00C04F79EFBC}") = "COES.WebService.Osinergmin", "COES.WebService.Osinergmin\COES.WebService.Osinergmin.csproj", "{176C8633-4B4C-4010-BFDC-4E510764290A}"
EndProject
Project("{FAE04EC0-301F-11D3-BF4B-00C04F79EFBC}") = "COES.WebService.PuntoMedicion", "COES.WebService.PuntoMedicion\COES.WebService.PuntoMedicion.csproj", "{60A0F368-5A55-4964-9CA9-568725F80216}"
EndProject
Project("{FAE04EC0-301F-11D3-BF4B-00C04F79EFBC}") = "COES.WebService.SCOSinac", "COES.WebService.SCOSinac\COES.WebService.SCOSinac.csproj", "{136017EE-D0FB-42F1-A9C6-D440E40550B3}"
EndProject
Project("{FAE04EC0-301F-11D3-BF4B-00C04F79EFBC}") = "COES.WebService.ServiciosExternosCOES", "COES.WebService.ServiciosExternosCOES\COES.WebService.ServiciosExternosCOES.csproj", "{7BF0CF95-D9E8-4141-9B6F-4277E0ABA8B3}"
EndProject
Project("{FAE04EC0-301F-11D3-BF4B-00C04F79EFBC}") = "COES.WebService.SicEmpresa", "COES.WebService.SicEmpresa\COES.WebService.SicEmpresa.csproj", "{BAA5A9FE-A356-4FCB-B587-90950B9AF24C}"
EndProject
Project("{FAE04EC0-301F-11D3-BF4B-00C04F79EFBC}") = "COES.WebService.Tramite", "COES.WebService.Tramite\COES.WebService.Tramite.csproj", "{ED045A27-AE17-4265-B91E-353E65228156}"
EndProject
Project("{FAE04EC0-301F-11D3-BF4B-00C04F79EFBC}") = "COES.WebService.Urs", "COES.WebService.Urs\COES.WebService.Urs.csproj", "{03B0A8CE-B669-47EE-A1A9-EC620812E7DE}"
EndProject
Project("{FAE04EC0-301F-11D3-BF4B-00C04F79EFBC}") = "COES.WebService.YupanaContinuo", "COES.WebService.YupanaContinuo\COES.WebService.YupanaContinuo.csproj", "{FBB256AE-DA6F-49B3-B85E-7BF92B806F67}"
EndProject
Project("{FAE04EC0-301F-11D3-BF4B-00C04F79EFBC}") = "COES.WebService.PotenciaFirme", "COES.WebService.PotenciaFirme\COES.WebService.PotenciaFirme.csproj", "{C71178A8-EF69-45BD-8FDE-F2ADAFF8D656}"
EndProject
Project("{2150E333-8FDC-42A3-9474-1A3956D46DE8}") = "8. Servicios Windows", "8. Servicios Windows", "{65E4EBAF-AA79-4F73-AA51-8C71F0C694B7}"
EndProject
Project("{FAE04EC0-301F-11D3-BF4B-00C04F79EFBC}") = "COES.Job.CostoOportunidad", "COES.Job.CostoOportunidad\COES.Job.CostoOportunidad.csproj", "{D5426660-1A56-4A88-9E03-45374E73F1DC}"
EndProject
Project("{FAE04EC0-301F-11D3-BF4B-00C04F79EFBC}") = "COES.Service.HTrabajo", "COES.Service.HTrabajo\COES.Service.HTrabajo.csproj", "{3F1A281C-E78C-49C2-A413-84F56C476BFC}"
EndProject
Project("{FAE04EC0-301F-11D3-BF4B-00C04F79EFBC}") = "COES.Service.Proceso", "COES.Service.Proceso\COES.Service.Proceso.csproj", "{5C2DBE5C-BC2B-4A70-B1FE-4543F311E65A}"
EndProject
Project("{FAE04EC0-301F-11D3-BF4B-00C04F79EFBC}") = "COES.Service.YupanaContinuo", "COES.Service.YupanaContinuo\COES.Service.YupanaContinuo.csproj", "{7DB47D73-6EED-4D8F-BBCF-41F4A963A93F}"
EndProject
Project("{FAE04EC0-301F-11D3-BF4B-00C04F79EFBC}") = "COES.Job.NotificacionEquipamiento", "COES.Job.NotificacionEquipamiento\COES.Job.NotificacionEquipamiento.csproj", "{A3318D9D-637E-4E80-B8DE-08D0F9E0E497}"
EndProject
Project("{FAE04EC0-301F-11D3-BF4B-00C04F79EFBC}") = "COES.Job.ObtenerDatosRawCada5Mninutos", "COES.Job.ObtenerDatosRawCada5Mninutos\COES.Job.ObtenerDatosRawCada5Mninutos.csproj", "{C4EE8C54-0586-43E2-9473-13290A3A268E}"
EndProject
Project("{9A19103F-16F7-4668-BE54-9A1E7A4F7556}") = "COES.Job.EjecutadoDatosCada30Minutos", "COES.Job.EjecutadoDatosCada30Minutos\COES.Job.EjecutadoDatosCada30Minutos.csproj", "{9B51219A-1DEE-4E1A-A146-A48658971029}"
EndProject
Project("{FAE04EC0-301F-11D3-BF4B-00C04F79EFBC}") = "DataAccessLayerx", "DataAccessLayerx\DataAccessLayerx.csproj", "{7571F9D5-5FA0-41C5-9643-290626D763CA}"
EndProject
Project("{FAE04EC0-301F-11D3-BF4B-00C04F79EFBC}") = "wcfSicOperacion", "wcfSicOperacion\wcfSicOperacion.csproj", "{C16318B2-FBC8-4FB9-9854-5F34C7331F85}"
EndProject
Project("{FAE04EC0-301F-11D3-BF4B-00C04F79EFBC}") = "Sicoes.CostosVariables", "Sicoes.CostosVariables\Sicoes.CostosVariables.csproj", "{9585DDE9-5CDC-4301-8534-EA80ECACEC51}"
EndProject
Project("{FAE04EC0-301F-11D3-BF4B-00C04F79EFBC}") = "SicoesMaster", "SicoesMaster\SicoesMaster.csproj", "{E107DE83-01FB-4BB8-95A8-A67BCA5B39C9}"
EndProject
Project("{FAE04EC0-301F-11D3-BF4B-00C04F79EFBC}") = "COES.WebAPI.Mediciones", "COES.WebAPI.Mediciones\COES.WebAPI.Mediciones.csproj", "{ACA2B3D8-9BD7-415C-872F-A5C0107D25E4}"
EndProject
Project("{FAE04EC0-301F-11D3-BF4B-00C04F79EFBC}") = "COES.WebService.Proceso", "COES.WebService.Proceso\COES.WebService.Proceso.csproj", "{A3A91C25-32BC-48D4-BE1B-287F1AB827D4}"
EndProject
Project("{FAE04EC0-301F-11D3-BF4B-00C04F79EFBC}") = "COES.Service.Tawa", "COES.Service.Tawa\COES.Service.Tawa.csproj", "{C1EE37D3-6D88-4315-B399-FF03385CB5E5}"
EndProject
Project("{FAE04EC0-301F-11D3-BF4B-00C04F79EFBC}") = "COES.Job.ScadaMuestraInstantanea", "COES.Job.ScadaMuestraInstantanea\COES.Job.ScadaMuestraInstantanea.csproj", "{E9B3AECE-BABF-4A4E-B6C8-9FC78AD91E62}"
EndProject
Project("{FAE04EC0-301F-11D3-BF4B-00C04F79EFBC}") = "COES.Job.ScadaLectura15Minutos", "COES.Job.ScadaLectura15Minutos\COES.Job.ScadaLectura15Minutos.csproj", "{5370F486-F154-4974-8240-20E245060AF5}"
EndProject
Global
	GlobalSection(SolutionConfigurationPlatforms) = preSolution
		Debug|Any CPU = Debug|Any CPU
		Debug|x64 = Debug|x64
		Release|Any CPU = Release|Any CPU
		Release|x64 = Release|x64
	EndGlobalSection
	GlobalSection(ProjectConfigurationPlatforms) = postSolution
		{058DE87B-8F5A-4B66-B819-E08D992981FD}.Debug|Any CPU.ActiveCfg = Debug|Any CPU
		{058DE87B-8F5A-4B66-B819-E08D992981FD}.Debug|Any CPU.Build.0 = Debug|Any CPU
		{058DE87B-8F5A-4B66-B819-E08D992981FD}.Debug|x64.ActiveCfg = Debug|x64
		{058DE87B-8F5A-4B66-B819-E08D992981FD}.Debug|x64.Build.0 = Debug|x64
		{058DE87B-8F5A-4B66-B819-E08D992981FD}.Release|Any CPU.ActiveCfg = Release|Any CPU
		{058DE87B-8F5A-4B66-B819-E08D992981FD}.Release|Any CPU.Build.0 = Release|Any CPU
		{058DE87B-8F5A-4B66-B819-E08D992981FD}.Release|x64.ActiveCfg = Release|x64
		{058DE87B-8F5A-4B66-B819-E08D992981FD}.Release|x64.Build.0 = Release|x64
		{5FF9CD43-AB2F-42F2-B8B2-0D2C95EF41B1}.Debug|Any CPU.ActiveCfg = Debug|Any CPU
		{5FF9CD43-AB2F-42F2-B8B2-0D2C95EF41B1}.Debug|Any CPU.Build.0 = Debug|Any CPU
		{5FF9CD43-AB2F-42F2-B8B2-0D2C95EF41B1}.Debug|x64.ActiveCfg = Debug|Any CPU
		{5FF9CD43-AB2F-42F2-B8B2-0D2C95EF41B1}.Debug|x64.Build.0 = Debug|Any CPU
		{5FF9CD43-AB2F-42F2-B8B2-0D2C95EF41B1}.Release|Any CPU.ActiveCfg = Release|Any CPU
		{5FF9CD43-AB2F-42F2-B8B2-0D2C95EF41B1}.Release|Any CPU.Build.0 = Release|Any CPU
		{5FF9CD43-AB2F-42F2-B8B2-0D2C95EF41B1}.Release|x64.ActiveCfg = Release|Any CPU
		{5FF9CD43-AB2F-42F2-B8B2-0D2C95EF41B1}.Release|x64.Build.0 = Release|Any CPU
		{28FFF8F3-12CE-41B1-839B-2FD36D3C50A8}.Debug|Any CPU.ActiveCfg = Debug|Any CPU
		{28FFF8F3-12CE-41B1-839B-2FD36D3C50A8}.Debug|Any CPU.Build.0 = Debug|Any CPU
		{28FFF8F3-12CE-41B1-839B-2FD36D3C50A8}.Debug|x64.ActiveCfg = Debug|Any CPU
		{28FFF8F3-12CE-41B1-839B-2FD36D3C50A8}.Debug|x64.Build.0 = Debug|Any CPU
		{28FFF8F3-12CE-41B1-839B-2FD36D3C50A8}.Release|Any CPU.ActiveCfg = Release|Any CPU
		{28FFF8F3-12CE-41B1-839B-2FD36D3C50A8}.Release|Any CPU.Build.0 = Release|Any CPU
		{28FFF8F3-12CE-41B1-839B-2FD36D3C50A8}.Release|x64.ActiveCfg = Release|Any CPU
		{28FFF8F3-12CE-41B1-839B-2FD36D3C50A8}.Release|x64.Build.0 = Release|Any CPU
		{64357C3C-6730-4361-9C9A-93778920D054}.Debug|Any CPU.ActiveCfg = Debug|Any CPU
		{64357C3C-6730-4361-9C9A-93778920D054}.Debug|Any CPU.Build.0 = Debug|Any CPU
		{64357C3C-6730-4361-9C9A-93778920D054}.Debug|x64.ActiveCfg = Debug|Any CPU
		{64357C3C-6730-4361-9C9A-93778920D054}.Debug|x64.Build.0 = Debug|Any CPU
		{64357C3C-6730-4361-9C9A-93778920D054}.Release|Any CPU.ActiveCfg = Release|Any CPU
		{64357C3C-6730-4361-9C9A-93778920D054}.Release|Any CPU.Build.0 = Release|Any CPU
		{64357C3C-6730-4361-9C9A-93778920D054}.Release|x64.ActiveCfg = Release|Any CPU
		{64357C3C-6730-4361-9C9A-93778920D054}.Release|x64.Build.0 = Release|Any CPU
		{71A87DD1-8424-4516-92F6-559BD0ECA8FF}.Debug|Any CPU.ActiveCfg = Debug|Any CPU
		{71A87DD1-8424-4516-92F6-559BD0ECA8FF}.Debug|Any CPU.Build.0 = Debug|Any CPU
		{71A87DD1-8424-4516-92F6-559BD0ECA8FF}.Debug|x64.ActiveCfg = Debug|Any CPU
		{71A87DD1-8424-4516-92F6-559BD0ECA8FF}.Debug|x64.Build.0 = Debug|Any CPU
		{71A87DD1-8424-4516-92F6-559BD0ECA8FF}.Release|Any CPU.ActiveCfg = Release|Any CPU
		{71A87DD1-8424-4516-92F6-559BD0ECA8FF}.Release|Any CPU.Build.0 = Release|Any CPU
		{71A87DD1-8424-4516-92F6-559BD0ECA8FF}.Release|x64.ActiveCfg = Release|Any CPU
		{71A87DD1-8424-4516-92F6-559BD0ECA8FF}.Release|x64.Build.0 = Release|Any CPU
		{2F0B7B6A-0C6A-42B2-8C44-11697CF04242}.Debug|Any CPU.ActiveCfg = Debug|Any CPU
		{2F0B7B6A-0C6A-42B2-8C44-11697CF04242}.Debug|Any CPU.Build.0 = Debug|Any CPU
		{2F0B7B6A-0C6A-42B2-8C44-11697CF04242}.Debug|x64.ActiveCfg = Debug|Any CPU
		{2F0B7B6A-0C6A-42B2-8C44-11697CF04242}.Debug|x64.Build.0 = Debug|Any CPU
		{2F0B7B6A-0C6A-42B2-8C44-11697CF04242}.Release|Any CPU.ActiveCfg = Release|Any CPU
		{2F0B7B6A-0C6A-42B2-8C44-11697CF04242}.Release|Any CPU.Build.0 = Release|Any CPU
		{2F0B7B6A-0C6A-42B2-8C44-11697CF04242}.Release|x64.ActiveCfg = Release|Any CPU
		{2F0B7B6A-0C6A-42B2-8C44-11697CF04242}.Release|x64.Build.0 = Release|Any CPU
		{FA6514D9-B68C-40C7-8415-33F9BBFF0C83}.Debug|Any CPU.ActiveCfg = Debug|Any CPU
		{FA6514D9-B68C-40C7-8415-33F9BBFF0C83}.Debug|Any CPU.Build.0 = Debug|Any CPU
		{FA6514D9-B68C-40C7-8415-33F9BBFF0C83}.Debug|x64.ActiveCfg = Debug|Any CPU
		{FA6514D9-B68C-40C7-8415-33F9BBFF0C83}.Debug|x64.Build.0 = Debug|Any CPU
		{FA6514D9-B68C-40C7-8415-33F9BBFF0C83}.Release|Any CPU.ActiveCfg = Release|Any CPU
		{FA6514D9-B68C-40C7-8415-33F9BBFF0C83}.Release|Any CPU.Build.0 = Release|Any CPU
		{FA6514D9-B68C-40C7-8415-33F9BBFF0C83}.Release|x64.ActiveCfg = Release|Any CPU
		{FA6514D9-B68C-40C7-8415-33F9BBFF0C83}.Release|x64.Build.0 = Release|Any CPU
		{F2D2FFF3-349F-4AB6-AAA8-0A32223FDD4B}.Debug|Any CPU.ActiveCfg = Debug|Any CPU
		{F2D2FFF3-349F-4AB6-AAA8-0A32223FDD4B}.Debug|Any CPU.Build.0 = Debug|Any CPU
		{F2D2FFF3-349F-4AB6-AAA8-0A32223FDD4B}.Debug|x64.ActiveCfg = Debug|Any CPU
		{F2D2FFF3-349F-4AB6-AAA8-0A32223FDD4B}.Debug|x64.Build.0 = Debug|Any CPU
		{F2D2FFF3-349F-4AB6-AAA8-0A32223FDD4B}.Release|Any CPU.ActiveCfg = Release|Any CPU
		{F2D2FFF3-349F-4AB6-AAA8-0A32223FDD4B}.Release|Any CPU.Build.0 = Release|Any CPU
		{F2D2FFF3-349F-4AB6-AAA8-0A32223FDD4B}.Release|x64.ActiveCfg = Release|Any CPU
		{F2D2FFF3-349F-4AB6-AAA8-0A32223FDD4B}.Release|x64.Build.0 = Release|Any CPU
		{EA80C8D2-6C58-4C4E-A349-EB325C2616D1}.Debug|Any CPU.ActiveCfg = Debug|Any CPU
		{EA80C8D2-6C58-4C4E-A349-EB325C2616D1}.Debug|Any CPU.Build.0 = Debug|Any CPU
		{EA80C8D2-6C58-4C4E-A349-EB325C2616D1}.Debug|x64.ActiveCfg = Debug|Any CPU
		{EA80C8D2-6C58-4C4E-A349-EB325C2616D1}.Debug|x64.Build.0 = Debug|Any CPU
		{EA80C8D2-6C58-4C4E-A349-EB325C2616D1}.Release|Any CPU.ActiveCfg = Release|Any CPU
		{EA80C8D2-6C58-4C4E-A349-EB325C2616D1}.Release|Any CPU.Build.0 = Release|Any CPU
		{EA80C8D2-6C58-4C4E-A349-EB325C2616D1}.Release|x64.ActiveCfg = Release|Any CPU
		{EA80C8D2-6C58-4C4E-A349-EB325C2616D1}.Release|x64.Build.0 = Release|Any CPU
		{18D10ABA-7FB2-453C-8367-DD6E92A26D2B}.Debug|Any CPU.ActiveCfg = Debug|Any CPU
		{18D10ABA-7FB2-453C-8367-DD6E92A26D2B}.Debug|Any CPU.Build.0 = Debug|Any CPU
		{18D10ABA-7FB2-453C-8367-DD6E92A26D2B}.Debug|x64.ActiveCfg = Debug|Any CPU
		{18D10ABA-7FB2-453C-8367-DD6E92A26D2B}.Debug|x64.Build.0 = Debug|Any CPU
		{18D10ABA-7FB2-453C-8367-DD6E92A26D2B}.Release|Any CPU.ActiveCfg = Release|Any CPU
		{18D10ABA-7FB2-453C-8367-DD6E92A26D2B}.Release|Any CPU.Build.0 = Release|Any CPU
		{18D10ABA-7FB2-453C-8367-DD6E92A26D2B}.Release|x64.ActiveCfg = Release|Any CPU
		{18D10ABA-7FB2-453C-8367-DD6E92A26D2B}.Release|x64.Build.0 = Release|Any CPU
		{12552EDB-F76B-4A56-A211-ED27E466B693}.Debug|Any CPU.ActiveCfg = Debug|Any CPU
		{12552EDB-F76B-4A56-A211-ED27E466B693}.Debug|Any CPU.Build.0 = Debug|Any CPU
		{12552EDB-F76B-4A56-A211-ED27E466B693}.Debug|x64.ActiveCfg = Debug|Any CPU
		{12552EDB-F76B-4A56-A211-ED27E466B693}.Debug|x64.Build.0 = Debug|Any CPU
		{12552EDB-F76B-4A56-A211-ED27E466B693}.Release|Any CPU.ActiveCfg = Release|Any CPU
		{12552EDB-F76B-4A56-A211-ED27E466B693}.Release|Any CPU.Build.0 = Release|Any CPU
		{12552EDB-F76B-4A56-A211-ED27E466B693}.Release|x64.ActiveCfg = Release|Any CPU
		{12552EDB-F76B-4A56-A211-ED27E466B693}.Release|x64.Build.0 = Release|Any CPU
		{8162324C-CB98-479B-A3D2-E3F9FE15A0DE}.Debug|Any CPU.ActiveCfg = Debug|Any CPU
		{8162324C-CB98-479B-A3D2-E3F9FE15A0DE}.Debug|Any CPU.Build.0 = Debug|Any CPU
		{8162324C-CB98-479B-A3D2-E3F9FE15A0DE}.Debug|x64.ActiveCfg = Debug|Any CPU
		{8162324C-CB98-479B-A3D2-E3F9FE15A0DE}.Debug|x64.Build.0 = Debug|Any CPU
		{8162324C-CB98-479B-A3D2-E3F9FE15A0DE}.Release|Any CPU.ActiveCfg = Release|Any CPU
		{8162324C-CB98-479B-A3D2-E3F9FE15A0DE}.Release|Any CPU.Build.0 = Release|Any CPU
		{8162324C-CB98-479B-A3D2-E3F9FE15A0DE}.Release|x64.ActiveCfg = Release|Any CPU
		{8162324C-CB98-479B-A3D2-E3F9FE15A0DE}.Release|x64.Build.0 = Release|Any CPU
		{EBFCA0AF-8C1F-4508-B12F-E25CE6B98DC4}.Debug|Any CPU.ActiveCfg = Debug|Any CPU
		{EBFCA0AF-8C1F-4508-B12F-E25CE6B98DC4}.Debug|Any CPU.Build.0 = Debug|Any CPU
		{EBFCA0AF-8C1F-4508-B12F-E25CE6B98DC4}.Debug|x64.ActiveCfg = Debug|Any CPU
		{EBFCA0AF-8C1F-4508-B12F-E25CE6B98DC4}.Debug|x64.Build.0 = Debug|Any CPU
		{EBFCA0AF-8C1F-4508-B12F-E25CE6B98DC4}.Release|Any CPU.ActiveCfg = Release|Any CPU
		{EBFCA0AF-8C1F-4508-B12F-E25CE6B98DC4}.Release|Any CPU.Build.0 = Release|Any CPU
		{EBFCA0AF-8C1F-4508-B12F-E25CE6B98DC4}.Release|x64.ActiveCfg = Release|Any CPU
		{EBFCA0AF-8C1F-4508-B12F-E25CE6B98DC4}.Release|x64.Build.0 = Release|Any CPU
		{D1344CCC-D854-48AA-A8F3-7AAAD721F75F}.Debug|Any CPU.ActiveCfg = Debug|Any CPU
		{D1344CCC-D854-48AA-A8F3-7AAAD721F75F}.Debug|Any CPU.Build.0 = Debug|Any CPU
		{D1344CCC-D854-48AA-A8F3-7AAAD721F75F}.Debug|x64.ActiveCfg = Debug|Any CPU
		{D1344CCC-D854-48AA-A8F3-7AAAD721F75F}.Debug|x64.Build.0 = Debug|Any CPU
		{D1344CCC-D854-48AA-A8F3-7AAAD721F75F}.Release|Any CPU.ActiveCfg = Release|Any CPU
		{D1344CCC-D854-48AA-A8F3-7AAAD721F75F}.Release|Any CPU.Build.0 = Release|Any CPU
		{D1344CCC-D854-48AA-A8F3-7AAAD721F75F}.Release|x64.ActiveCfg = Release|Any CPU
		{D1344CCC-D854-48AA-A8F3-7AAAD721F75F}.Release|x64.Build.0 = Release|Any CPU
		{D50856A1-E035-4ECE-B465-7CE8CDE0336E}.Debug|Any CPU.ActiveCfg = Debug|Any CPU
		{D50856A1-E035-4ECE-B465-7CE8CDE0336E}.Debug|Any CPU.Build.0 = Debug|Any CPU
		{D50856A1-E035-4ECE-B465-7CE8CDE0336E}.Debug|x64.ActiveCfg = Debug|Any CPU
		{D50856A1-E035-4ECE-B465-7CE8CDE0336E}.Debug|x64.Build.0 = Debug|Any CPU
		{D50856A1-E035-4ECE-B465-7CE8CDE0336E}.Release|Any CPU.ActiveCfg = Release|Any CPU
		{D50856A1-E035-4ECE-B465-7CE8CDE0336E}.Release|Any CPU.Build.0 = Release|Any CPU
		{D50856A1-E035-4ECE-B465-7CE8CDE0336E}.Release|x64.ActiveCfg = Release|Any CPU
		{D50856A1-E035-4ECE-B465-7CE8CDE0336E}.Release|x64.Build.0 = Release|Any CPU
		{D43F88E9-4958-43D4-B8EB-33E9E9320192}.Debug|Any CPU.ActiveCfg = Debug|Any CPU
		{D43F88E9-4958-43D4-B8EB-33E9E9320192}.Debug|Any CPU.Build.0 = Debug|Any CPU
		{D43F88E9-4958-43D4-B8EB-33E9E9320192}.Debug|x64.ActiveCfg = Debug|Any CPU
		{D43F88E9-4958-43D4-B8EB-33E9E9320192}.Debug|x64.Build.0 = Debug|Any CPU
		{D43F88E9-4958-43D4-B8EB-33E9E9320192}.Release|Any CPU.ActiveCfg = Release|Any CPU
		{D43F88E9-4958-43D4-B8EB-33E9E9320192}.Release|Any CPU.Build.0 = Release|Any CPU
		{D43F88E9-4958-43D4-B8EB-33E9E9320192}.Release|x64.ActiveCfg = Release|Any CPU
		{D43F88E9-4958-43D4-B8EB-33E9E9320192}.Release|x64.Build.0 = Release|Any CPU
		{8660F3BD-3857-4623-84EE-222050926E28}.Debug|Any CPU.ActiveCfg = Debug|Any CPU
		{8660F3BD-3857-4623-84EE-222050926E28}.Debug|Any CPU.Build.0 = Debug|Any CPU
		{8660F3BD-3857-4623-84EE-222050926E28}.Debug|x64.ActiveCfg = Debug|Any CPU
		{8660F3BD-3857-4623-84EE-222050926E28}.Debug|x64.Build.0 = Debug|Any CPU
		{8660F3BD-3857-4623-84EE-222050926E28}.Release|Any CPU.ActiveCfg = Release|Any CPU
		{8660F3BD-3857-4623-84EE-222050926E28}.Release|Any CPU.Build.0 = Release|Any CPU
		{8660F3BD-3857-4623-84EE-222050926E28}.Release|x64.ActiveCfg = Release|Any CPU
		{8660F3BD-3857-4623-84EE-222050926E28}.Release|x64.Build.0 = Release|Any CPU
		{2A6C4ACA-4921-4F23-B149-358BD8513ABF}.Debug|Any CPU.ActiveCfg = Debug|Any CPU
		{2A6C4ACA-4921-4F23-B149-358BD8513ABF}.Debug|Any CPU.Build.0 = Debug|Any CPU
		{2A6C4ACA-4921-4F23-B149-358BD8513ABF}.Debug|x64.ActiveCfg = Debug|Any CPU
		{2A6C4ACA-4921-4F23-B149-358BD8513ABF}.Debug|x64.Build.0 = Debug|Any CPU
		{2A6C4ACA-4921-4F23-B149-358BD8513ABF}.Release|Any CPU.ActiveCfg = Release|Any CPU
		{2A6C4ACA-4921-4F23-B149-358BD8513ABF}.Release|Any CPU.Build.0 = Release|Any CPU
		{2A6C4ACA-4921-4F23-B149-358BD8513ABF}.Release|x64.ActiveCfg = Release|Any CPU
		{2A6C4ACA-4921-4F23-B149-358BD8513ABF}.Release|x64.Build.0 = Release|Any CPU
		{77EB2768-5B14-43FD-8774-553129434857}.Debug|Any CPU.ActiveCfg = Debug|Any CPU
		{77EB2768-5B14-43FD-8774-553129434857}.Debug|Any CPU.Build.0 = Debug|Any CPU
		{77EB2768-5B14-43FD-8774-553129434857}.Debug|x64.ActiveCfg = Debug|Any CPU
		{77EB2768-5B14-43FD-8774-553129434857}.Debug|x64.Build.0 = Debug|Any CPU
		{77EB2768-5B14-43FD-8774-553129434857}.Release|Any CPU.ActiveCfg = Release|Any CPU
		{77EB2768-5B14-43FD-8774-553129434857}.Release|Any CPU.Build.0 = Release|Any CPU
		{77EB2768-5B14-43FD-8774-553129434857}.Release|x64.ActiveCfg = Release|Any CPU
		{77EB2768-5B14-43FD-8774-553129434857}.Release|x64.Build.0 = Release|Any CPU
		{CD40CC32-E902-4EC1-B6A0-70E35F930079}.Debug|Any CPU.ActiveCfg = Debug|Any CPU
		{CD40CC32-E902-4EC1-B6A0-70E35F930079}.Debug|Any CPU.Build.0 = Debug|Any CPU
		{CD40CC32-E902-4EC1-B6A0-70E35F930079}.Debug|x64.ActiveCfg = Debug|Any CPU
		{CD40CC32-E902-4EC1-B6A0-70E35F930079}.Debug|x64.Build.0 = Debug|Any CPU
		{CD40CC32-E902-4EC1-B6A0-70E35F930079}.Release|Any CPU.ActiveCfg = Release|Any CPU
		{CD40CC32-E902-4EC1-B6A0-70E35F930079}.Release|Any CPU.Build.0 = Release|Any CPU
		{CD40CC32-E902-4EC1-B6A0-70E35F930079}.Release|x64.ActiveCfg = Release|Any CPU
		{CD40CC32-E902-4EC1-B6A0-70E35F930079}.Release|x64.Build.0 = Release|Any CPU
		{73F1E4C5-2679-4016-A00E-0CA769599CAD}.Debug|Any CPU.ActiveCfg = Debug|Any CPU
		{73F1E4C5-2679-4016-A00E-0CA769599CAD}.Debug|Any CPU.Build.0 = Debug|Any CPU
		{73F1E4C5-2679-4016-A00E-0CA769599CAD}.Debug|x64.ActiveCfg = Debug|Any CPU
		{73F1E4C5-2679-4016-A00E-0CA769599CAD}.Debug|x64.Build.0 = Debug|Any CPU
		{73F1E4C5-2679-4016-A00E-0CA769599CAD}.Release|Any CPU.ActiveCfg = Release|Any CPU
		{73F1E4C5-2679-4016-A00E-0CA769599CAD}.Release|Any CPU.Build.0 = Release|Any CPU
		{73F1E4C5-2679-4016-A00E-0CA769599CAD}.Release|x64.ActiveCfg = Release|Any CPU
		{73F1E4C5-2679-4016-A00E-0CA769599CAD}.Release|x64.Build.0 = Release|Any CPU
		{91694018-52D2-41E1-A6D0-78DF846C92EA}.Debug|Any CPU.ActiveCfg = Debug|Any CPU
		{91694018-52D2-41E1-A6D0-78DF846C92EA}.Debug|Any CPU.Build.0 = Debug|Any CPU
		{91694018-52D2-41E1-A6D0-78DF846C92EA}.Debug|x64.ActiveCfg = Debug|Any CPU
		{91694018-52D2-41E1-A6D0-78DF846C92EA}.Debug|x64.Build.0 = Debug|Any CPU
		{91694018-52D2-41E1-A6D0-78DF846C92EA}.Release|Any CPU.ActiveCfg = Release|Any CPU
		{91694018-52D2-41E1-A6D0-78DF846C92EA}.Release|Any CPU.Build.0 = Release|Any CPU
		{91694018-52D2-41E1-A6D0-78DF846C92EA}.Release|x64.ActiveCfg = Release|Any CPU
		{91694018-52D2-41E1-A6D0-78DF846C92EA}.Release|x64.Build.0 = Release|Any CPU
		{22F2D50A-AA34-4336-937E-C5DA35A99AFD}.Debug|Any CPU.ActiveCfg = Debug|Any CPU
		{22F2D50A-AA34-4336-937E-C5DA35A99AFD}.Debug|Any CPU.Build.0 = Debug|Any CPU
		{22F2D50A-AA34-4336-937E-C5DA35A99AFD}.Debug|x64.ActiveCfg = Debug|Any CPU
		{22F2D50A-AA34-4336-937E-C5DA35A99AFD}.Debug|x64.Build.0 = Debug|Any CPU
		{22F2D50A-AA34-4336-937E-C5DA35A99AFD}.Release|Any CPU.ActiveCfg = Release|Any CPU
		{22F2D50A-AA34-4336-937E-C5DA35A99AFD}.Release|Any CPU.Build.0 = Release|Any CPU
		{22F2D50A-AA34-4336-937E-C5DA35A99AFD}.Release|x64.ActiveCfg = Release|Any CPU
		{22F2D50A-AA34-4336-937E-C5DA35A99AFD}.Release|x64.Build.0 = Release|Any CPU
		{08FE758B-24CA-4D68-8425-ACA601277EAC}.Debug|Any CPU.ActiveCfg = Debug|Any CPU
		{08FE758B-24CA-4D68-8425-ACA601277EAC}.Debug|Any CPU.Build.0 = Debug|Any CPU
		{08FE758B-24CA-4D68-8425-ACA601277EAC}.Debug|x64.ActiveCfg = Debug|Any CPU
		{08FE758B-24CA-4D68-8425-ACA601277EAC}.Debug|x64.Build.0 = Debug|Any CPU
		{08FE758B-24CA-4D68-8425-ACA601277EAC}.Release|Any CPU.ActiveCfg = Release|Any CPU
		{08FE758B-24CA-4D68-8425-ACA601277EAC}.Release|Any CPU.Build.0 = Release|Any CPU
		{08FE758B-24CA-4D68-8425-ACA601277EAC}.Release|x64.ActiveCfg = Release|Any CPU
		{08FE758B-24CA-4D68-8425-ACA601277EAC}.Release|x64.Build.0 = Release|Any CPU
		{BB064E28-CB27-4A4A-8818-69C03E5E2330}.Debug|Any CPU.ActiveCfg = Debug|Any CPU
		{BB064E28-CB27-4A4A-8818-69C03E5E2330}.Debug|Any CPU.Build.0 = Debug|Any CPU
		{BB064E28-CB27-4A4A-8818-69C03E5E2330}.Debug|x64.ActiveCfg = Debug|Any CPU
		{BB064E28-CB27-4A4A-8818-69C03E5E2330}.Debug|x64.Build.0 = Debug|Any CPU
		{BB064E28-CB27-4A4A-8818-69C03E5E2330}.Release|Any CPU.ActiveCfg = Release|Any CPU
		{BB064E28-CB27-4A4A-8818-69C03E5E2330}.Release|Any CPU.Build.0 = Release|Any CPU
		{BB064E28-CB27-4A4A-8818-69C03E5E2330}.Release|x64.ActiveCfg = Release|Any CPU
		{BB064E28-CB27-4A4A-8818-69C03E5E2330}.Release|x64.Build.0 = Release|Any CPU
		{EB9D8051-74BA-402E-B8E1-9DEAAFE711AD}.Debug|Any CPU.ActiveCfg = Debug|Any CPU
		{EB9D8051-74BA-402E-B8E1-9DEAAFE711AD}.Debug|Any CPU.Build.0 = Debug|Any CPU
		{EB9D8051-74BA-402E-B8E1-9DEAAFE711AD}.Debug|x64.ActiveCfg = Debug|Any CPU
		{EB9D8051-74BA-402E-B8E1-9DEAAFE711AD}.Debug|x64.Build.0 = Debug|Any CPU
		{EB9D8051-74BA-402E-B8E1-9DEAAFE711AD}.Release|Any CPU.ActiveCfg = Release|Any CPU
		{EB9D8051-74BA-402E-B8E1-9DEAAFE711AD}.Release|Any CPU.Build.0 = Release|Any CPU
		{EB9D8051-74BA-402E-B8E1-9DEAAFE711AD}.Release|x64.ActiveCfg = Release|Any CPU
		{EB9D8051-74BA-402E-B8E1-9DEAAFE711AD}.Release|x64.Build.0 = Release|Any CPU
		{A891157A-F95A-4B86-BB02-74000F142838}.Debug|Any CPU.ActiveCfg = Debug|Any CPU
		{A891157A-F95A-4B86-BB02-74000F142838}.Debug|Any CPU.Build.0 = Debug|Any CPU
		{A891157A-F95A-4B86-BB02-74000F142838}.Debug|x64.ActiveCfg = Debug|Any CPU
		{A891157A-F95A-4B86-BB02-74000F142838}.Debug|x64.Build.0 = Debug|Any CPU
		{A891157A-F95A-4B86-BB02-74000F142838}.Release|Any CPU.ActiveCfg = Release|Any CPU
		{A891157A-F95A-4B86-BB02-74000F142838}.Release|Any CPU.Build.0 = Release|Any CPU
		{A891157A-F95A-4B86-BB02-74000F142838}.Release|x64.ActiveCfg = Release|Any CPU
		{A891157A-F95A-4B86-BB02-74000F142838}.Release|x64.Build.0 = Release|Any CPU
		{349A6F0F-91F7-43E7-A9CD-FA9286352EE9}.Debug|Any CPU.ActiveCfg = Debug|Any CPU
		{349A6F0F-91F7-43E7-A9CD-FA9286352EE9}.Debug|Any CPU.Build.0 = Debug|Any CPU
		{349A6F0F-91F7-43E7-A9CD-FA9286352EE9}.Debug|x64.ActiveCfg = Debug|Any CPU
		{349A6F0F-91F7-43E7-A9CD-FA9286352EE9}.Debug|x64.Build.0 = Debug|Any CPU
		{349A6F0F-91F7-43E7-A9CD-FA9286352EE9}.Release|Any CPU.ActiveCfg = Release|Any CPU
		{349A6F0F-91F7-43E7-A9CD-FA9286352EE9}.Release|Any CPU.Build.0 = Release|Any CPU
		{349A6F0F-91F7-43E7-A9CD-FA9286352EE9}.Release|x64.ActiveCfg = Release|Any CPU
		{349A6F0F-91F7-43E7-A9CD-FA9286352EE9}.Release|x64.Build.0 = Release|Any CPU
		{2BC60974-E9EA-4AC9-8A76-7B81C9A92E47}.Debug|Any CPU.ActiveCfg = Debug|Any CPU
		{2BC60974-E9EA-4AC9-8A76-7B81C9A92E47}.Debug|Any CPU.Build.0 = Debug|Any CPU
		{2BC60974-E9EA-4AC9-8A76-7B81C9A92E47}.Debug|x64.ActiveCfg = Debug|Any CPU
		{2BC60974-E9EA-4AC9-8A76-7B81C9A92E47}.Debug|x64.Build.0 = Debug|Any CPU
		{2BC60974-E9EA-4AC9-8A76-7B81C9A92E47}.Release|Any CPU.ActiveCfg = Release|Any CPU
		{2BC60974-E9EA-4AC9-8A76-7B81C9A92E47}.Release|Any CPU.Build.0 = Release|Any CPU
		{2BC60974-E9EA-4AC9-8A76-7B81C9A92E47}.Release|x64.ActiveCfg = Release|Any CPU
		{2BC60974-E9EA-4AC9-8A76-7B81C9A92E47}.Release|x64.Build.0 = Release|Any CPU
		{99DBF54B-3864-4FFE-9D28-0B631856E9AC}.Debug|Any CPU.ActiveCfg = Debug|Any CPU
		{99DBF54B-3864-4FFE-9D28-0B631856E9AC}.Debug|Any CPU.Build.0 = Debug|Any CPU
		{99DBF54B-3864-4FFE-9D28-0B631856E9AC}.Debug|x64.ActiveCfg = Debug|Any CPU
		{99DBF54B-3864-4FFE-9D28-0B631856E9AC}.Debug|x64.Build.0 = Debug|Any CPU
		{99DBF54B-3864-4FFE-9D28-0B631856E9AC}.Release|Any CPU.ActiveCfg = Release|Any CPU
		{99DBF54B-3864-4FFE-9D28-0B631856E9AC}.Release|Any CPU.Build.0 = Release|Any CPU
		{99DBF54B-3864-4FFE-9D28-0B631856E9AC}.Release|x64.ActiveCfg = Release|Any CPU
		{99DBF54B-3864-4FFE-9D28-0B631856E9AC}.Release|x64.Build.0 = Release|Any CPU
		{A290A4DF-7511-4957-83E2-43C3294DC663}.Debug|Any CPU.ActiveCfg = Debug|Any CPU
		{A290A4DF-7511-4957-83E2-43C3294DC663}.Debug|Any CPU.Build.0 = Debug|Any CPU
		{A290A4DF-7511-4957-83E2-43C3294DC663}.Debug|x64.ActiveCfg = Debug|Any CPU
		{A290A4DF-7511-4957-83E2-43C3294DC663}.Debug|x64.Build.0 = Debug|Any CPU
		{A290A4DF-7511-4957-83E2-43C3294DC663}.Release|Any CPU.ActiveCfg = Release|Any CPU
		{A290A4DF-7511-4957-83E2-43C3294DC663}.Release|Any CPU.Build.0 = Release|Any CPU
		{A290A4DF-7511-4957-83E2-43C3294DC663}.Release|x64.ActiveCfg = Release|Any CPU
		{A290A4DF-7511-4957-83E2-43C3294DC663}.Release|x64.Build.0 = Release|Any CPU
		{3C3F7C1F-4738-4596-A22C-DCA1CCFE6A58}.Debug|Any CPU.ActiveCfg = Debug|Any CPU
		{3C3F7C1F-4738-4596-A22C-DCA1CCFE6A58}.Debug|Any CPU.Build.0 = Debug|Any CPU
		{3C3F7C1F-4738-4596-A22C-DCA1CCFE6A58}.Debug|x64.ActiveCfg = Debug|Any CPU
		{3C3F7C1F-4738-4596-A22C-DCA1CCFE6A58}.Debug|x64.Build.0 = Debug|Any CPU
		{3C3F7C1F-4738-4596-A22C-DCA1CCFE6A58}.Release|Any CPU.ActiveCfg = Release|Any CPU
		{3C3F7C1F-4738-4596-A22C-DCA1CCFE6A58}.Release|Any CPU.Build.0 = Release|Any CPU
		{3C3F7C1F-4738-4596-A22C-DCA1CCFE6A58}.Release|x64.ActiveCfg = Release|Any CPU
		{3C3F7C1F-4738-4596-A22C-DCA1CCFE6A58}.Release|x64.Build.0 = Release|Any CPU
		{0E6043C2-14C4-4B40-8045-C789C1324002}.Debug|Any CPU.ActiveCfg = Debug|Any CPU
		{0E6043C2-14C4-4B40-8045-C789C1324002}.Debug|Any CPU.Build.0 = Debug|Any CPU
		{0E6043C2-14C4-4B40-8045-C789C1324002}.Debug|x64.ActiveCfg = Debug|Any CPU
		{0E6043C2-14C4-4B40-8045-C789C1324002}.Debug|x64.Build.0 = Debug|Any CPU
		{0E6043C2-14C4-4B40-8045-C789C1324002}.Release|Any CPU.ActiveCfg = Release|Any CPU
		{0E6043C2-14C4-4B40-8045-C789C1324002}.Release|Any CPU.Build.0 = Release|Any CPU
		{0E6043C2-14C4-4B40-8045-C789C1324002}.Release|x64.ActiveCfg = Release|Any CPU
		{0E6043C2-14C4-4B40-8045-C789C1324002}.Release|x64.Build.0 = Release|Any CPU
		{0C94E8F9-454A-4015-AB3A-C2D23C6B534F}.Debug|Any CPU.ActiveCfg = Debug|Any CPU
		{0C94E8F9-454A-4015-AB3A-C2D23C6B534F}.Debug|Any CPU.Build.0 = Debug|Any CPU
		{0C94E8F9-454A-4015-AB3A-C2D23C6B534F}.Debug|x64.ActiveCfg = Debug|Any CPU
		{0C94E8F9-454A-4015-AB3A-C2D23C6B534F}.Debug|x64.Build.0 = Debug|Any CPU
		{0C94E8F9-454A-4015-AB3A-C2D23C6B534F}.Release|Any CPU.ActiveCfg = Release|Any CPU
		{0C94E8F9-454A-4015-AB3A-C2D23C6B534F}.Release|Any CPU.Build.0 = Release|Any CPU
		{0C94E8F9-454A-4015-AB3A-C2D23C6B534F}.Release|x64.ActiveCfg = Release|Any CPU
		{0C94E8F9-454A-4015-AB3A-C2D23C6B534F}.Release|x64.Build.0 = Release|Any CPU
		{CE145CB7-08E0-4F46-858D-15E110F6474A}.Debug|Any CPU.ActiveCfg = Debug|Any CPU
		{CE145CB7-08E0-4F46-858D-15E110F6474A}.Debug|Any CPU.Build.0 = Debug|Any CPU
		{CE145CB7-08E0-4F46-858D-15E110F6474A}.Debug|x64.ActiveCfg = Debug|Any CPU
		{CE145CB7-08E0-4F46-858D-15E110F6474A}.Debug|x64.Build.0 = Debug|Any CPU
		{CE145CB7-08E0-4F46-858D-15E110F6474A}.Release|Any CPU.ActiveCfg = Release|Any CPU
		{CE145CB7-08E0-4F46-858D-15E110F6474A}.Release|Any CPU.Build.0 = Release|Any CPU
		{CE145CB7-08E0-4F46-858D-15E110F6474A}.Release|x64.ActiveCfg = Release|Any CPU
		{CE145CB7-08E0-4F46-858D-15E110F6474A}.Release|x64.Build.0 = Release|Any CPU
		{F8E6016D-6FEF-45A1-A07D-AC02A5CD2D1F}.Debug|Any CPU.ActiveCfg = Debug|Any CPU
		{F8E6016D-6FEF-45A1-A07D-AC02A5CD2D1F}.Debug|Any CPU.Build.0 = Debug|Any CPU
		{F8E6016D-6FEF-45A1-A07D-AC02A5CD2D1F}.Debug|x64.ActiveCfg = Debug|Any CPU
		{F8E6016D-6FEF-45A1-A07D-AC02A5CD2D1F}.Debug|x64.Build.0 = Debug|Any CPU
		{F8E6016D-6FEF-45A1-A07D-AC02A5CD2D1F}.Release|Any CPU.ActiveCfg = Release|Any CPU
		{F8E6016D-6FEF-45A1-A07D-AC02A5CD2D1F}.Release|Any CPU.Build.0 = Release|Any CPU
		{F8E6016D-6FEF-45A1-A07D-AC02A5CD2D1F}.Release|x64.ActiveCfg = Release|Any CPU
		{F8E6016D-6FEF-45A1-A07D-AC02A5CD2D1F}.Release|x64.Build.0 = Release|Any CPU
		{1CD7E478-F3F5-4889-B98F-CCE0E25A49E7}.Debug|Any CPU.ActiveCfg = Debug|Any CPU
		{1CD7E478-F3F5-4889-B98F-CCE0E25A49E7}.Debug|Any CPU.Build.0 = Debug|Any CPU
		{1CD7E478-F3F5-4889-B98F-CCE0E25A49E7}.Debug|x64.ActiveCfg = Debug|Any CPU
		{1CD7E478-F3F5-4889-B98F-CCE0E25A49E7}.Debug|x64.Build.0 = Debug|Any CPU
		{1CD7E478-F3F5-4889-B98F-CCE0E25A49E7}.Release|Any CPU.ActiveCfg = Release|Any CPU
		{1CD7E478-F3F5-4889-B98F-CCE0E25A49E7}.Release|Any CPU.Build.0 = Release|Any CPU
		{1CD7E478-F3F5-4889-B98F-CCE0E25A49E7}.Release|x64.ActiveCfg = Release|Any CPU
		{1CD7E478-F3F5-4889-B98F-CCE0E25A49E7}.Release|x64.Build.0 = Release|Any CPU
		{F3498920-6911-4B66-B759-7B5216663AC6}.Debug|Any CPU.ActiveCfg = Debug|Any CPU
		{F3498920-6911-4B66-B759-7B5216663AC6}.Debug|Any CPU.Build.0 = Debug|Any CPU
		{F3498920-6911-4B66-B759-7B5216663AC6}.Debug|x64.ActiveCfg = Debug|Any CPU
		{F3498920-6911-4B66-B759-7B5216663AC6}.Debug|x64.Build.0 = Debug|Any CPU
		{F3498920-6911-4B66-B759-7B5216663AC6}.Release|Any CPU.ActiveCfg = Release|Any CPU
		{F3498920-6911-4B66-B759-7B5216663AC6}.Release|Any CPU.Build.0 = Release|Any CPU
		{F3498920-6911-4B66-B759-7B5216663AC6}.Release|x64.ActiveCfg = Release|Any CPU
		{F3498920-6911-4B66-B759-7B5216663AC6}.Release|x64.Build.0 = Release|Any CPU
		{176C8633-4B4C-4010-BFDC-4E510764290A}.Debug|Any CPU.ActiveCfg = Debug|Any CPU
		{176C8633-4B4C-4010-BFDC-4E510764290A}.Debug|Any CPU.Build.0 = Debug|Any CPU
		{176C8633-4B4C-4010-BFDC-4E510764290A}.Debug|x64.ActiveCfg = Debug|Any CPU
		{176C8633-4B4C-4010-BFDC-4E510764290A}.Debug|x64.Build.0 = Debug|Any CPU
		{176C8633-4B4C-4010-BFDC-4E510764290A}.Release|Any CPU.ActiveCfg = Release|Any CPU
		{176C8633-4B4C-4010-BFDC-4E510764290A}.Release|Any CPU.Build.0 = Release|Any CPU
		{176C8633-4B4C-4010-BFDC-4E510764290A}.Release|x64.ActiveCfg = Release|Any CPU
		{176C8633-4B4C-4010-BFDC-4E510764290A}.Release|x64.Build.0 = Release|Any CPU
		{60A0F368-5A55-4964-9CA9-568725F80216}.Debug|Any CPU.ActiveCfg = Debug|Any CPU
		{60A0F368-5A55-4964-9CA9-568725F80216}.Debug|Any CPU.Build.0 = Debug|Any CPU
		{60A0F368-5A55-4964-9CA9-568725F80216}.Debug|x64.ActiveCfg = Debug|Any CPU
		{60A0F368-5A55-4964-9CA9-568725F80216}.Debug|x64.Build.0 = Debug|Any CPU
		{60A0F368-5A55-4964-9CA9-568725F80216}.Release|Any CPU.ActiveCfg = Release|Any CPU
		{60A0F368-5A55-4964-9CA9-568725F80216}.Release|Any CPU.Build.0 = Release|Any CPU
		{60A0F368-5A55-4964-9CA9-568725F80216}.Release|x64.ActiveCfg = Release|Any CPU
		{60A0F368-5A55-4964-9CA9-568725F80216}.Release|x64.Build.0 = Release|Any CPU
		{136017EE-D0FB-42F1-A9C6-D440E40550B3}.Debug|Any CPU.ActiveCfg = Debug|Any CPU
		{136017EE-D0FB-42F1-A9C6-D440E40550B3}.Debug|Any CPU.Build.0 = Debug|Any CPU
		{136017EE-D0FB-42F1-A9C6-D440E40550B3}.Debug|x64.ActiveCfg = Debug|Any CPU
		{136017EE-D0FB-42F1-A9C6-D440E40550B3}.Debug|x64.Build.0 = Debug|Any CPU
		{136017EE-D0FB-42F1-A9C6-D440E40550B3}.Release|Any CPU.ActiveCfg = Release|Any CPU
		{136017EE-D0FB-42F1-A9C6-D440E40550B3}.Release|Any CPU.Build.0 = Release|Any CPU
		{136017EE-D0FB-42F1-A9C6-D440E40550B3}.Release|x64.ActiveCfg = Release|Any CPU
		{136017EE-D0FB-42F1-A9C6-D440E40550B3}.Release|x64.Build.0 = Release|Any CPU
		{7BF0CF95-D9E8-4141-9B6F-4277E0ABA8B3}.Debug|Any CPU.ActiveCfg = Debug|Any CPU
		{7BF0CF95-D9E8-4141-9B6F-4277E0ABA8B3}.Debug|Any CPU.Build.0 = Debug|Any CPU
		{7BF0CF95-D9E8-4141-9B6F-4277E0ABA8B3}.Debug|x64.ActiveCfg = Debug|Any CPU
		{7BF0CF95-D9E8-4141-9B6F-4277E0ABA8B3}.Debug|x64.Build.0 = Debug|Any CPU
		{7BF0CF95-D9E8-4141-9B6F-4277E0ABA8B3}.Release|Any CPU.ActiveCfg = Release|Any CPU
		{7BF0CF95-D9E8-4141-9B6F-4277E0ABA8B3}.Release|Any CPU.Build.0 = Release|Any CPU
		{7BF0CF95-D9E8-4141-9B6F-4277E0ABA8B3}.Release|x64.ActiveCfg = Release|Any CPU
		{7BF0CF95-D9E8-4141-9B6F-4277E0ABA8B3}.Release|x64.Build.0 = Release|Any CPU
		{BAA5A9FE-A356-4FCB-B587-90950B9AF24C}.Debug|Any CPU.ActiveCfg = Debug|Any CPU
		{BAA5A9FE-A356-4FCB-B587-90950B9AF24C}.Debug|Any CPU.Build.0 = Debug|Any CPU
		{BAA5A9FE-A356-4FCB-B587-90950B9AF24C}.Debug|x64.ActiveCfg = Debug|Any CPU
		{BAA5A9FE-A356-4FCB-B587-90950B9AF24C}.Debug|x64.Build.0 = Debug|Any CPU
		{BAA5A9FE-A356-4FCB-B587-90950B9AF24C}.Release|Any CPU.ActiveCfg = Release|Any CPU
		{BAA5A9FE-A356-4FCB-B587-90950B9AF24C}.Release|Any CPU.Build.0 = Release|Any CPU
		{BAA5A9FE-A356-4FCB-B587-90950B9AF24C}.Release|x64.ActiveCfg = Release|Any CPU
		{BAA5A9FE-A356-4FCB-B587-90950B9AF24C}.Release|x64.Build.0 = Release|Any CPU
		{ED045A27-AE17-4265-B91E-353E65228156}.Debug|Any CPU.ActiveCfg = Debug|Any CPU
		{ED045A27-AE17-4265-B91E-353E65228156}.Debug|Any CPU.Build.0 = Debug|Any CPU
		{ED045A27-AE17-4265-B91E-353E65228156}.Debug|x64.ActiveCfg = Debug|Any CPU
		{ED045A27-AE17-4265-B91E-353E65228156}.Debug|x64.Build.0 = Debug|Any CPU
		{ED045A27-AE17-4265-B91E-353E65228156}.Release|Any CPU.ActiveCfg = Release|Any CPU
		{ED045A27-AE17-4265-B91E-353E65228156}.Release|Any CPU.Build.0 = Release|Any CPU
		{ED045A27-AE17-4265-B91E-353E65228156}.Release|x64.ActiveCfg = Release|Any CPU
		{ED045A27-AE17-4265-B91E-353E65228156}.Release|x64.Build.0 = Release|Any CPU
		{03B0A8CE-B669-47EE-A1A9-EC620812E7DE}.Debug|Any CPU.ActiveCfg = Debug|Any CPU
		{03B0A8CE-B669-47EE-A1A9-EC620812E7DE}.Debug|Any CPU.Build.0 = Debug|Any CPU
		{03B0A8CE-B669-47EE-A1A9-EC620812E7DE}.Debug|x64.ActiveCfg = Debug|Any CPU
		{03B0A8CE-B669-47EE-A1A9-EC620812E7DE}.Debug|x64.Build.0 = Debug|Any CPU
		{03B0A8CE-B669-47EE-A1A9-EC620812E7DE}.Release|Any CPU.ActiveCfg = Release|Any CPU
		{03B0A8CE-B669-47EE-A1A9-EC620812E7DE}.Release|Any CPU.Build.0 = Release|Any CPU
		{03B0A8CE-B669-47EE-A1A9-EC620812E7DE}.Release|x64.ActiveCfg = Release|Any CPU
		{03B0A8CE-B669-47EE-A1A9-EC620812E7DE}.Release|x64.Build.0 = Release|Any CPU
		{FBB256AE-DA6F-49B3-B85E-7BF92B806F67}.Debug|Any CPU.ActiveCfg = Debug|Any CPU
		{FBB256AE-DA6F-49B3-B85E-7BF92B806F67}.Debug|Any CPU.Build.0 = Debug|Any CPU
		{FBB256AE-DA6F-49B3-B85E-7BF92B806F67}.Debug|x64.ActiveCfg = Debug|Any CPU
		{FBB256AE-DA6F-49B3-B85E-7BF92B806F67}.Debug|x64.Build.0 = Debug|Any CPU
		{FBB256AE-DA6F-49B3-B85E-7BF92B806F67}.Release|Any CPU.ActiveCfg = Release|Any CPU
		{FBB256AE-DA6F-49B3-B85E-7BF92B806F67}.Release|Any CPU.Build.0 = Release|Any CPU
		{FBB256AE-DA6F-49B3-B85E-7BF92B806F67}.Release|x64.ActiveCfg = Release|Any CPU
		{FBB256AE-DA6F-49B3-B85E-7BF92B806F67}.Release|x64.Build.0 = Release|Any CPU
		{C71178A8-EF69-45BD-8FDE-F2ADAFF8D656}.Debug|Any CPU.ActiveCfg = Debug|Any CPU
		{C71178A8-EF69-45BD-8FDE-F2ADAFF8D656}.Debug|Any CPU.Build.0 = Debug|Any CPU
		{C71178A8-EF69-45BD-8FDE-F2ADAFF8D656}.Debug|x64.ActiveCfg = Debug|Any CPU
		{C71178A8-EF69-45BD-8FDE-F2ADAFF8D656}.Debug|x64.Build.0 = Debug|Any CPU
		{C71178A8-EF69-45BD-8FDE-F2ADAFF8D656}.Release|Any CPU.ActiveCfg = Release|Any CPU
		{C71178A8-EF69-45BD-8FDE-F2ADAFF8D656}.Release|Any CPU.Build.0 = Release|Any CPU
		{C71178A8-EF69-45BD-8FDE-F2ADAFF8D656}.Release|x64.ActiveCfg = Release|Any CPU
		{C71178A8-EF69-45BD-8FDE-F2ADAFF8D656}.Release|x64.Build.0 = Release|Any CPU
		{D5426660-1A56-4A88-9E03-45374E73F1DC}.Debug|Any CPU.ActiveCfg = Debug|Any CPU
		{D5426660-1A56-4A88-9E03-45374E73F1DC}.Debug|Any CPU.Build.0 = Debug|Any CPU
		{D5426660-1A56-4A88-9E03-45374E73F1DC}.Debug|x64.ActiveCfg = Debug|Any CPU
		{D5426660-1A56-4A88-9E03-45374E73F1DC}.Debug|x64.Build.0 = Debug|Any CPU
		{D5426660-1A56-4A88-9E03-45374E73F1DC}.Release|Any CPU.ActiveCfg = Release|Any CPU
		{D5426660-1A56-4A88-9E03-45374E73F1DC}.Release|Any CPU.Build.0 = Release|Any CPU
		{D5426660-1A56-4A88-9E03-45374E73F1DC}.Release|x64.ActiveCfg = Release|Any CPU
		{D5426660-1A56-4A88-9E03-45374E73F1DC}.Release|x64.Build.0 = Release|Any CPU
		{3F1A281C-E78C-49C2-A413-84F56C476BFC}.Debug|Any CPU.ActiveCfg = Debug|Any CPU
		{3F1A281C-E78C-49C2-A413-84F56C476BFC}.Debug|Any CPU.Build.0 = Debug|Any CPU
		{3F1A281C-E78C-49C2-A413-84F56C476BFC}.Debug|x64.ActiveCfg = Debug|Any CPU
		{3F1A281C-E78C-49C2-A413-84F56C476BFC}.Debug|x64.Build.0 = Debug|Any CPU
		{3F1A281C-E78C-49C2-A413-84F56C476BFC}.Release|Any CPU.ActiveCfg = Release|Any CPU
		{3F1A281C-E78C-49C2-A413-84F56C476BFC}.Release|Any CPU.Build.0 = Release|Any CPU
		{3F1A281C-E78C-49C2-A413-84F56C476BFC}.Release|x64.ActiveCfg = Release|Any CPU
		{3F1A281C-E78C-49C2-A413-84F56C476BFC}.Release|x64.Build.0 = Release|Any CPU
		{5C2DBE5C-BC2B-4A70-B1FE-4543F311E65A}.Debug|Any CPU.ActiveCfg = Debug|Any CPU
		{5C2DBE5C-BC2B-4A70-B1FE-4543F311E65A}.Debug|Any CPU.Build.0 = Debug|Any CPU
		{5C2DBE5C-BC2B-4A70-B1FE-4543F311E65A}.Debug|x64.ActiveCfg = Debug|Any CPU
		{5C2DBE5C-BC2B-4A70-B1FE-4543F311E65A}.Debug|x64.Build.0 = Debug|Any CPU
		{5C2DBE5C-BC2B-4A70-B1FE-4543F311E65A}.Release|Any CPU.ActiveCfg = Release|Any CPU
		{5C2DBE5C-BC2B-4A70-B1FE-4543F311E65A}.Release|Any CPU.Build.0 = Release|Any CPU
		{5C2DBE5C-BC2B-4A70-B1FE-4543F311E65A}.Release|x64.ActiveCfg = Release|Any CPU
		{5C2DBE5C-BC2B-4A70-B1FE-4543F311E65A}.Release|x64.Build.0 = Release|Any CPU
		{7DB47D73-6EED-4D8F-BBCF-41F4A963A93F}.Debug|Any CPU.ActiveCfg = Debug|Any CPU
		{7DB47D73-6EED-4D8F-BBCF-41F4A963A93F}.Debug|Any CPU.Build.0 = Debug|Any CPU
		{7DB47D73-6EED-4D8F-BBCF-41F4A963A93F}.Debug|x64.ActiveCfg = Debug|Any CPU
		{7DB47D73-6EED-4D8F-BBCF-41F4A963A93F}.Debug|x64.Build.0 = Debug|Any CPU
		{7DB47D73-6EED-4D8F-BBCF-41F4A963A93F}.Release|Any CPU.ActiveCfg = Release|Any CPU
		{7DB47D73-6EED-4D8F-BBCF-41F4A963A93F}.Release|Any CPU.Build.0 = Release|Any CPU
		{7DB47D73-6EED-4D8F-BBCF-41F4A963A93F}.Release|x64.ActiveCfg = Release|Any CPU
		{7DB47D73-6EED-4D8F-BBCF-41F4A963A93F}.Release|x64.Build.0 = Release|Any CPU
		{A3318D9D-637E-4E80-B8DE-08D0F9E0E497}.Debug|Any CPU.ActiveCfg = Debug|Any CPU
		{A3318D9D-637E-4E80-B8DE-08D0F9E0E497}.Debug|Any CPU.Build.0 = Debug|Any CPU
		{A3318D9D-637E-4E80-B8DE-08D0F9E0E497}.Debug|x64.ActiveCfg = Debug|Any CPU
		{A3318D9D-637E-4E80-B8DE-08D0F9E0E497}.Debug|x64.Build.0 = Debug|Any CPU
		{A3318D9D-637E-4E80-B8DE-08D0F9E0E497}.Release|Any CPU.ActiveCfg = Release|Any CPU
		{A3318D9D-637E-4E80-B8DE-08D0F9E0E497}.Release|Any CPU.Build.0 = Release|Any CPU
		{A3318D9D-637E-4E80-B8DE-08D0F9E0E497}.Release|x64.ActiveCfg = Release|Any CPU
		{A3318D9D-637E-4E80-B8DE-08D0F9E0E497}.Release|x64.Build.0 = Release|Any CPU
		{C4EE8C54-0586-43E2-9473-13290A3A268E}.Debug|Any CPU.ActiveCfg = Debug|Any CPU
		{C4EE8C54-0586-43E2-9473-13290A3A268E}.Debug|Any CPU.Build.0 = Debug|Any CPU
		{C4EE8C54-0586-43E2-9473-13290A3A268E}.Debug|x64.ActiveCfg = Debug|Any CPU
		{C4EE8C54-0586-43E2-9473-13290A3A268E}.Debug|x64.Build.0 = Debug|Any CPU
		{C4EE8C54-0586-43E2-9473-13290A3A268E}.Release|Any CPU.ActiveCfg = Release|Any CPU
		{C4EE8C54-0586-43E2-9473-13290A3A268E}.Release|Any CPU.Build.0 = Release|Any CPU
		{C4EE8C54-0586-43E2-9473-13290A3A268E}.Release|x64.ActiveCfg = Release|Any CPU
		{C4EE8C54-0586-43E2-9473-13290A3A268E}.Release|x64.Build.0 = Release|Any CPU
		{9B51219A-1DEE-4E1A-A146-A48658971029}.Debug|Any CPU.ActiveCfg = Debug|Any CPU
		{9B51219A-1DEE-4E1A-A146-A48658971029}.Debug|Any CPU.Build.0 = Debug|Any CPU
		{9B51219A-1DEE-4E1A-A146-A48658971029}.Debug|x64.ActiveCfg = Debug|Any CPU
		{9B51219A-1DEE-4E1A-A146-A48658971029}.Debug|x64.Build.0 = Debug|Any CPU
		{9B51219A-1DEE-4E1A-A146-A48658971029}.Release|Any CPU.ActiveCfg = Release|Any CPU
		{9B51219A-1DEE-4E1A-A146-A48658971029}.Release|Any CPU.Build.0 = Release|Any CPU
		{9B51219A-1DEE-4E1A-A146-A48658971029}.Release|x64.ActiveCfg = Release|Any CPU
		{9B51219A-1DEE-4E1A-A146-A48658971029}.Release|x64.Build.0 = Release|Any CPU
		{7571F9D5-5FA0-41C5-9643-290626D763CA}.Debug|Any CPU.ActiveCfg = Debug|Any CPU
		{7571F9D5-5FA0-41C5-9643-290626D763CA}.Debug|Any CPU.Build.0 = Debug|Any CPU
		{7571F9D5-5FA0-41C5-9643-290626D763CA}.Debug|x64.ActiveCfg = Debug|Any CPU
		{7571F9D5-5FA0-41C5-9643-290626D763CA}.Debug|x64.Build.0 = Debug|Any CPU
		{7571F9D5-5FA0-41C5-9643-290626D763CA}.Release|Any CPU.ActiveCfg = Release|Any CPU
		{7571F9D5-5FA0-41C5-9643-290626D763CA}.Release|Any CPU.Build.0 = Release|Any CPU
		{7571F9D5-5FA0-41C5-9643-290626D763CA}.Release|x64.ActiveCfg = Release|Any CPU
		{7571F9D5-5FA0-41C5-9643-290626D763CA}.Release|x64.Build.0 = Release|Any CPU
		{C16318B2-FBC8-4FB9-9854-5F34C7331F85}.Debug|Any CPU.ActiveCfg = Debug|Any CPU
		{C16318B2-FBC8-4FB9-9854-5F34C7331F85}.Debug|Any CPU.Build.0 = Debug|Any CPU
		{C16318B2-FBC8-4FB9-9854-5F34C7331F85}.Debug|x64.ActiveCfg = Debug|Any CPU
		{C16318B2-FBC8-4FB9-9854-5F34C7331F85}.Debug|x64.Build.0 = Debug|Any CPU
		{C16318B2-FBC8-4FB9-9854-5F34C7331F85}.Release|Any CPU.ActiveCfg = Release|Any CPU
		{C16318B2-FBC8-4FB9-9854-5F34C7331F85}.Release|Any CPU.Build.0 = Release|Any CPU
		{C16318B2-FBC8-4FB9-9854-5F34C7331F85}.Release|x64.ActiveCfg = Release|Any CPU
		{C16318B2-FBC8-4FB9-9854-5F34C7331F85}.Release|x64.Build.0 = Release|Any CPU
		{9585DDE9-5CDC-4301-8534-EA80ECACEC51}.Debug|Any CPU.ActiveCfg = Debug|Any CPU
		{9585DDE9-5CDC-4301-8534-EA80ECACEC51}.Debug|Any CPU.Build.0 = Debug|Any CPU
		{9585DDE9-5CDC-4301-8534-EA80ECACEC51}.Debug|x64.ActiveCfg = Debug|Any CPU
		{9585DDE9-5CDC-4301-8534-EA80ECACEC51}.Debug|x64.Build.0 = Debug|Any CPU
		{9585DDE9-5CDC-4301-8534-EA80ECACEC51}.Release|Any CPU.ActiveCfg = Release|Any CPU
		{9585DDE9-5CDC-4301-8534-EA80ECACEC51}.Release|Any CPU.Build.0 = Release|Any CPU
		{9585DDE9-5CDC-4301-8534-EA80ECACEC51}.Release|x64.ActiveCfg = Release|Any CPU
		{9585DDE9-5CDC-4301-8534-EA80ECACEC51}.Release|x64.Build.0 = Release|Any CPU
		{E107DE83-01FB-4BB8-95A8-A67BCA5B39C9}.Debug|Any CPU.ActiveCfg = Debug|Any CPU
		{E107DE83-01FB-4BB8-95A8-A67BCA5B39C9}.Debug|Any CPU.Build.0 = Debug|Any CPU
		{E107DE83-01FB-4BB8-95A8-A67BCA5B39C9}.Debug|x64.ActiveCfg = Debug|Any CPU
		{E107DE83-01FB-4BB8-95A8-A67BCA5B39C9}.Debug|x64.Build.0 = Debug|Any CPU
		{E107DE83-01FB-4BB8-95A8-A67BCA5B39C9}.Release|Any CPU.ActiveCfg = Release|Any CPU
		{E107DE83-01FB-4BB8-95A8-A67BCA5B39C9}.Release|Any CPU.Build.0 = Release|Any CPU
		{E107DE83-01FB-4BB8-95A8-A67BCA5B39C9}.Release|x64.ActiveCfg = Release|Any CPU
		{E107DE83-01FB-4BB8-95A8-A67BCA5B39C9}.Release|x64.Build.0 = Release|Any CPU
		{ACA2B3D8-9BD7-415C-872F-A5C0107D25E4}.Debug|Any CPU.ActiveCfg = Debug|Any CPU
		{ACA2B3D8-9BD7-415C-872F-A5C0107D25E4}.Debug|Any CPU.Build.0 = Debug|Any CPU
		{ACA2B3D8-9BD7-415C-872F-A5C0107D25E4}.Debug|x64.ActiveCfg = Debug|Any CPU
		{ACA2B3D8-9BD7-415C-872F-A5C0107D25E4}.Debug|x64.Build.0 = Debug|Any CPU
		{ACA2B3D8-9BD7-415C-872F-A5C0107D25E4}.Release|Any CPU.ActiveCfg = Release|Any CPU
		{ACA2B3D8-9BD7-415C-872F-A5C0107D25E4}.Release|Any CPU.Build.0 = Release|Any CPU
		{ACA2B3D8-9BD7-415C-872F-A5C0107D25E4}.Release|x64.ActiveCfg = Release|Any CPU
		{ACA2B3D8-9BD7-415C-872F-A5C0107D25E4}.Release|x64.Build.0 = Release|Any CPU
		{A3A91C25-32BC-48D4-BE1B-287F1AB827D4}.Debug|Any CPU.ActiveCfg = Debug|Any CPU
		{A3A91C25-32BC-48D4-BE1B-287F1AB827D4}.Debug|Any CPU.Build.0 = Debug|Any CPU
		{A3A91C25-32BC-48D4-BE1B-287F1AB827D4}.Debug|x64.ActiveCfg = Debug|Any CPU
		{A3A91C25-32BC-48D4-BE1B-287F1AB827D4}.Debug|x64.Build.0 = Debug|Any CPU
		{A3A91C25-32BC-48D4-BE1B-287F1AB827D4}.Release|Any CPU.ActiveCfg = Release|Any CPU
		{A3A91C25-32BC-48D4-BE1B-287F1AB827D4}.Release|Any CPU.Build.0 = Release|Any CPU
		{A3A91C25-32BC-48D4-BE1B-287F1AB827D4}.Release|x64.ActiveCfg = Release|Any CPU
		{A3A91C25-32BC-48D4-BE1B-287F1AB827D4}.Release|x64.Build.0 = Release|Any CPU
		{C1EE37D3-6D88-4315-B399-FF03385CB5E5}.Debug|Any CPU.ActiveCfg = Debug|Any CPU
		{C1EE37D3-6D88-4315-B399-FF03385CB5E5}.Debug|Any CPU.Build.0 = Debug|Any CPU
		{C1EE37D3-6D88-4315-B399-FF03385CB5E5}.Debug|x64.ActiveCfg = Debug|Any CPU
		{C1EE37D3-6D88-4315-B399-FF03385CB5E5}.Debug|x64.Build.0 = Debug|Any CPU
		{C1EE37D3-6D88-4315-B399-FF03385CB5E5}.Release|Any CPU.ActiveCfg = Release|Any CPU
		{C1EE37D3-6D88-4315-B399-FF03385CB5E5}.Release|Any CPU.Build.0 = Release|Any CPU
		{C1EE37D3-6D88-4315-B399-FF03385CB5E5}.Release|x64.ActiveCfg = Release|Any CPU
		{C1EE37D3-6D88-4315-B399-FF03385CB5E5}.Release|x64.Build.0 = Release|Any CPU
		{E9B3AECE-BABF-4A4E-B6C8-9FC78AD91E62}.Debug|Any CPU.ActiveCfg = Debug|Any CPU
		{E9B3AECE-BABF-4A4E-B6C8-9FC78AD91E62}.Debug|Any CPU.Build.0 = Debug|Any CPU
		{E9B3AECE-BABF-4A4E-B6C8-9FC78AD91E62}.Debug|x64.ActiveCfg = Debug|Any CPU
		{E9B3AECE-BABF-4A4E-B6C8-9FC78AD91E62}.Debug|x64.Build.0 = Debug|Any CPU
		{E9B3AECE-BABF-4A4E-B6C8-9FC78AD91E62}.Release|Any CPU.ActiveCfg = Release|Any CPU
		{E9B3AECE-BABF-4A4E-B6C8-9FC78AD91E62}.Release|Any CPU.Build.0 = Release|Any CPU
		{E9B3AECE-BABF-4A4E-B6C8-9FC78AD91E62}.Release|x64.ActiveCfg = Release|Any CPU
		{E9B3AECE-BABF-4A4E-B6C8-9FC78AD91E62}.Release|x64.Build.0 = Release|Any CPU
		{5370F486-F154-4974-8240-20E245060AF5}.Debug|Any CPU.ActiveCfg = Debug|Any CPU
		{5370F486-F154-4974-8240-20E245060AF5}.Debug|Any CPU.Build.0 = Debug|Any CPU
		{5370F486-F154-4974-8240-20E245060AF5}.Debug|x64.ActiveCfg = Debug|Any CPU
		{5370F486-F154-4974-8240-20E245060AF5}.Debug|x64.Build.0 = Debug|Any CPU
		{5370F486-F154-4974-8240-20E245060AF5}.Release|Any CPU.ActiveCfg = Release|Any CPU
		{5370F486-F154-4974-8240-20E245060AF5}.Release|Any CPU.Build.0 = Release|Any CPU
		{5370F486-F154-4974-8240-20E245060AF5}.Release|x64.ActiveCfg = Release|Any CPU
		{5370F486-F154-4974-8240-20E245060AF5}.Release|x64.Build.0 = Release|Any CPU
	EndGlobalSection
	GlobalSection(SolutionProperties) = preSolution
		HideSolutionNode = FALSE
	EndGlobalSection
	GlobalSection(NestedProjects) = preSolution
		{058DE87B-8F5A-4B66-B819-E08D992981FD} = {9CB39C5E-986A-45E1-8055-7522396AA196}
		{5FF9CD43-AB2F-42F2-B8B2-0D2C95EF41B1} = {59C4407F-5099-4A07-897C-C5959CDF60F7}
		{28FFF8F3-12CE-41B1-839B-2FD36D3C50A8} = {59C4407F-5099-4A07-897C-C5959CDF60F7}
		{64357C3C-6730-4361-9C9A-93778920D054} = {59C4407F-5099-4A07-897C-C5959CDF60F7}
		{71A87DD1-8424-4516-92F6-559BD0ECA8FF} = {77D8CBB1-3D0B-47F9-B119-49F18B37A22D}
		{2F0B7B6A-0C6A-42B2-8C44-11697CF04242} = {B4ABCE80-523C-49CE-9F1F-142DF009FAA9}
		{FA6514D9-B68C-40C7-8415-33F9BBFF0C83} = {503984B0-23A1-4567-A686-2AE5B21BAF02}
		{F2D2FFF3-349F-4AB6-AAA8-0A32223FDD4B} = {503984B0-23A1-4567-A686-2AE5B21BAF02}
		{EA80C8D2-6C58-4C4E-A349-EB325C2616D1} = {503984B0-23A1-4567-A686-2AE5B21BAF02}
		{18D10ABA-7FB2-453C-8367-DD6E92A26D2B} = {9CB39C5E-986A-45E1-8055-7522396AA196}
		{12552EDB-F76B-4A56-A211-ED27E466B693} = {9CB39C5E-986A-45E1-8055-7522396AA196}
		{8162324C-CB98-479B-A3D2-E3F9FE15A0DE} = {9CB39C5E-986A-45E1-8055-7522396AA196}
		{EBFCA0AF-8C1F-4508-B12F-E25CE6B98DC4} = {9CB39C5E-986A-45E1-8055-7522396AA196}
		{D1344CCC-D854-48AA-A8F3-7AAAD721F75F} = {9CB39C5E-986A-45E1-8055-7522396AA196}
		{D50856A1-E035-4ECE-B465-7CE8CDE0336E} = {9CB39C5E-986A-45E1-8055-7522396AA196}
		{D43F88E9-4958-43D4-B8EB-33E9E9320192} = {9CB39C5E-986A-45E1-8055-7522396AA196}
		{8660F3BD-3857-4623-84EE-222050926E28} = {AF7FA4A4-A600-4AC5-86BA-AA57AA0DFC7F}
		{2A6C4ACA-4921-4F23-B149-358BD8513ABF} = {AF7FA4A4-A600-4AC5-86BA-AA57AA0DFC7F}
		{77EB2768-5B14-43FD-8774-553129434857} = {CD0ADF45-8A7C-4C12-B31D-2C5A7B7F224B}
		{CD40CC32-E902-4EC1-B6A0-70E35F930079} = {2C73FB04-B7B9-4F1A-A652-C037372A191D}
		{73F1E4C5-2679-4016-A00E-0CA769599CAD} = {B2B137BA-978B-471B-93C3-FE72BD3273E7}
		{91694018-52D2-41E1-A6D0-78DF846C92EA} = {B2B137BA-978B-471B-93C3-FE72BD3273E7}
		{22F2D50A-AA34-4336-937E-C5DA35A99AFD} = {9CB39C5E-986A-45E1-8055-7522396AA196}
		{08FE758B-24CA-4D68-8425-ACA601277EAC} = {9CB39C5E-986A-45E1-8055-7522396AA196}
		{BB064E28-CB27-4A4A-8818-69C03E5E2330} = {9CB39C5E-986A-45E1-8055-7522396AA196}
		{EB9D8051-74BA-402E-B8E1-9DEAAFE711AD} = {9CB39C5E-986A-45E1-8055-7522396AA196}
		{A891157A-F95A-4B86-BB02-74000F142838} = {9CB39C5E-986A-45E1-8055-7522396AA196}
		{349A6F0F-91F7-43E7-A9CD-FA9286352EE9} = {9CB39C5E-986A-45E1-8055-7522396AA196}
		{2BC60974-E9EA-4AC9-8A76-7B81C9A92E47} = {9CB39C5E-986A-45E1-8055-7522396AA196}
		{99DBF54B-3864-4FFE-9D28-0B631856E9AC} = {9CB39C5E-986A-45E1-8055-7522396AA196}
		{A290A4DF-7511-4957-83E2-43C3294DC663} = {9CB39C5E-986A-45E1-8055-7522396AA196}
		{3C3F7C1F-4738-4596-A22C-DCA1CCFE6A58} = {9CB39C5E-986A-45E1-8055-7522396AA196}
		{0E6043C2-14C4-4B40-8045-C789C1324002} = {9CB39C5E-986A-45E1-8055-7522396AA196}
		{0C94E8F9-454A-4015-AB3A-C2D23C6B534F} = {9CB39C5E-986A-45E1-8055-7522396AA196}
		{CE145CB7-08E0-4F46-858D-15E110F6474A} = {9CB39C5E-986A-45E1-8055-7522396AA196}
		{F8E6016D-6FEF-45A1-A07D-AC02A5CD2D1F} = {9CB39C5E-986A-45E1-8055-7522396AA196}
		{1CD7E478-F3F5-4889-B98F-CCE0E25A49E7} = {9CB39C5E-986A-45E1-8055-7522396AA196}
		{F3498920-6911-4B66-B759-7B5216663AC6} = {9CB39C5E-986A-45E1-8055-7522396AA196}
		{176C8633-4B4C-4010-BFDC-4E510764290A} = {9CB39C5E-986A-45E1-8055-7522396AA196}
		{60A0F368-5A55-4964-9CA9-568725F80216} = {9CB39C5E-986A-45E1-8055-7522396AA196}
		{136017EE-D0FB-42F1-A9C6-D440E40550B3} = {9CB39C5E-986A-45E1-8055-7522396AA196}
		{7BF0CF95-D9E8-4141-9B6F-4277E0ABA8B3} = {9CB39C5E-986A-45E1-8055-7522396AA196}
		{BAA5A9FE-A356-4FCB-B587-90950B9AF24C} = {9CB39C5E-986A-45E1-8055-7522396AA196}
		{ED045A27-AE17-4265-B91E-353E65228156} = {9CB39C5E-986A-45E1-8055-7522396AA196}
		{03B0A8CE-B669-47EE-A1A9-EC620812E7DE} = {9CB39C5E-986A-45E1-8055-7522396AA196}
		{FBB256AE-DA6F-49B3-B85E-7BF92B806F67} = {9CB39C5E-986A-45E1-8055-7522396AA196}
		{C71178A8-EF69-45BD-8FDE-F2ADAFF8D656} = {9CB39C5E-986A-45E1-8055-7522396AA196}
		{D5426660-1A56-4A88-9E03-45374E73F1DC} = {B2B137BA-978B-471B-93C3-FE72BD3273E7}
		{3F1A281C-E78C-49C2-A413-84F56C476BFC} = {65E4EBAF-AA79-4F73-AA51-8C71F0C694B7}
		{5C2DBE5C-BC2B-4A70-B1FE-4543F311E65A} = {65E4EBAF-AA79-4F73-AA51-8C71F0C694B7}
		{7DB47D73-6EED-4D8F-BBCF-41F4A963A93F} = {65E4EBAF-AA79-4F73-AA51-8C71F0C694B7}
		{A3318D9D-637E-4E80-B8DE-08D0F9E0E497} = {B2B137BA-978B-471B-93C3-FE72BD3273E7}
		{C4EE8C54-0586-43E2-9473-13290A3A268E} = {B2B137BA-978B-471B-93C3-FE72BD3273E7}
		{9B51219A-1DEE-4E1A-A146-A48658971029} = {B2B137BA-978B-471B-93C3-FE72BD3273E7}
		{7571F9D5-5FA0-41C5-9643-290626D763CA} = {2C73FB04-B7B9-4F1A-A652-C037372A191D}
		{C16318B2-FBC8-4FB9-9854-5F34C7331F85} = {2C73FB04-B7B9-4F1A-A652-C037372A191D}
		{9585DDE9-5CDC-4301-8534-EA80ECACEC51} = {2C73FB04-B7B9-4F1A-A652-C037372A191D}
		{E107DE83-01FB-4BB8-95A8-A67BCA5B39C9} = {2C73FB04-B7B9-4F1A-A652-C037372A191D}
		{ACA2B3D8-9BD7-415C-872F-A5C0107D25E4} = {9CB39C5E-986A-45E1-8055-7522396AA196}
		{A3A91C25-32BC-48D4-BE1B-287F1AB827D4} = {9CB39C5E-986A-45E1-8055-7522396AA196}
		{C1EE37D3-6D88-4315-B399-FF03385CB5E5} = {65E4EBAF-AA79-4F73-AA51-8C71F0C694B7}
		{E9B3AECE-BABF-4A4E-B6C8-9FC78AD91E62} = {B2B137BA-978B-471B-93C3-FE72BD3273E7}
		{5370F486-F154-4974-8240-20E245060AF5} = {B2B137BA-978B-471B-93C3-FE72BD3273E7}
	EndGlobalSection
	GlobalSection(ExtensibilityGlobals) = postSolution
		SolutionGuid = {A10BA0AA-8426-43B0-8432-388CEB6B3007}
	EndGlobalSection
EndGlobal
